
Microsoft Visual Studio Solution File, Format Version 12.00
# Visual Studio Version 17
VisualStudioVersion = 17.5.002.0
MinimumVisualStudioVersion = 10.0.40219.1
Project("{9A19103F-16F7-4668-BE54-9A1E7A4F7556}") = "Api", "Api.csproj", "{26E004F5-7ABB-4267-BA1B-B0A530F2B242}"
EndProject
Global
	GlobalSection(SolutionConfigurationPlatforms) = preSolution
		Debug|Any CPU = Debug|Any CPU
		Release|Any CPU = Release|Any CPU
	EndGlobalSection
	GlobalSection(ProjectConfigurationPlatforms) = postSolution
		{26E004F5-7ABB-4267-BA1B-B0A530F2B242}.Debug|Any CPU.ActiveCfg = Debug|Any CPU
		{26E004F5-7ABB-4267-BA1B-B0A530F2B242}.Debug|Any CPU.Build.0 = Debug|Any CPU
		{26E004F5-7ABB-4267-BA1B-B0A530F2B242}.Release|Any CPU.ActiveCfg = Release|Any CPU
		{26E004F5-7ABB-4267-BA1B-B0A530F2B242}.Release|Any CPU.Build.0 = Release|Any CPU
	EndGlobalSection
	GlobalSection(SolutionProperties) = preSolution
		HideSolutionNode = FALSE
	EndGlobalSection
	GlobalSection(ExtensibilityGlobals) = postSolution
		SolutionGuid = {DD69ABC5-205C-4D60-9478-12640614DCA2}
	EndGlobalSection
EndGlobal
