
Microsoft Visual Studio Solution File, Format Version 12.00
# Visual Studio Version 17
VisualStudioVersion = 17.5.002.0
MinimumVisualStudioVersion = 10.0.40219.1
Project("{9A19103F-16F7-4668-BE54-9A1E7A4F7556}") = "Api", "Api.csproj", "{439FE94D-2662-48AE-B29A-7B44EA703562}"
EndProject
Global
	GlobalSection(SolutionConfigurationPlatforms) = preSolution
		Debug|Any CPU = Debug|Any CPU
		Release|Any CPU = Release|Any CPU
	EndGlobalSection
	GlobalSection(ProjectConfigurationPlatforms) = postSolution
		{439FE94D-2662-48AE-B29A-7B44EA703562}.Debug|Any CPU.ActiveCfg = Debug|Any CPU
		{439FE94D-2662-48AE-B29A-7B44EA703562}.Debug|Any CPU.Build.0 = Debug|Any CPU
		{439FE94D-2662-48AE-B29A-7B44EA703562}.Release|Any CPU.ActiveCfg = Release|Any CPU
		{439FE94D-2662-48AE-B29A-7B44EA703562}.Release|Any CPU.Build.0 = Release|Any CPU
	EndGlobalSection
	GlobalSection(SolutionProperties) = preSolution
		HideSolutionNode = FALSE
	EndGlobalSection
	GlobalSection(ExtensibilityGlobals) = postSolution
		SolutionGuid = {197089D8-0B4B-48FE-B954-15577CF94D8B}
	EndGlobalSection
EndGlobal
